{
  "name": "post-quantum-encryption",
  "lockfileVersion": 3,
  "requires": true,
  "packages": {
    "": {
      "dependencies": {
        "pqclean": "^0.8.1"
      },
      "devDependencies": {
        "@types/node": "24.0.7",
        "@types/pqclean": "^0.3.2",
        "mitata": "^1.0.34"
      }
    },
    "node_modules/@types/node": {
      "version": "24.0.7",
      "resolved": "https://registry.npmjs.org/@types/node/-/node-24.0.7.tgz",
      "integrity": "sha512-YIEUUr4yf8q8oQoXPpSlnvKNVKDQlPMWrmOcgzoduo7kvA2UF0/BwJ/eMKFTiTtkNL17I0M6Xe2tvwFU7be6iw==",
      "dev": true,
      "license": "MIT",
      "dependencies": {
        "undici-types": "~7.8.0"
      }
    },
    "node_modules/@types/pqclean": {
      "version": "0.3.2",
      "resolved": "https://registry.npmjs.org/@types/pqclean/-/pqclean-0.3.2.tgz",
      "integrity": "sha512-Pb2CuoQC+fiiqBxR8Gh2AY8e8ta+PDqfJVzedn+V2YDULBKp4I5pfYGU6qiSGfsqA9mpDXPgbVUor2dsam9asg==",
      "dev": true,
      "license": "MIT",
      "dependencies": {
        "@types/node": "*"
      }
    },
    "node_modules/bindings": {
      "version": "1.5.0",
      "resolved": "https://registry.npmjs.org/bindings/-/bindings-1.5.0.tgz",
      "integrity": "sha512-p2q/t/mhvuOj/UeLlV6566GD/guowlr0hHxClI0W9m7MWYkL1F0hLo+0Aexs9HSPCtR1SXQ0TD3MMKrXZajbiQ==",
      "license": "MIT",
      "dependencies": {
        "file-uri-to-path": "1.0.0"
      }
    },
    "node_modules/file-uri-to-path": {
      "version": "1.0.0",
      "resolved": "https://registry.npmjs.org/file-uri-to-path/-/file-uri-to-path-1.0.0.tgz",
      "integrity": "sha512-0Zt+s3L7Vf1biwWZ29aARiVYLx7iMGnEUl9x33fbB/j3jR81u/O2LbqK+Bm1CDSNDKVtJ/YjwY7TUd5SkeLQLw==",
      "license": "MIT"
    },
    "node_modules/mitata": {
      "version": "1.0.34",
      "resolved": "https://registry.npmjs.org/mitata/-/mitata-1.0.34.tgz",
      "integrity": "sha512-Mc3zrtNBKIMeHSCQ0XqRLo1vbdIx1wvFV9c8NJAiyho6AjNfMY8bVhbS12bwciUdd1t4rj8099CH3N3NFahaUA==",
      "dev": true,
      "license": "MIT"
    },
    "node_modules/node-addon-api": {
      "version": "8.4.0",
      "resolved": "https://registry.npmjs.org/node-addon-api/-/node-addon-api-8.4.0.tgz",
      "integrity": "sha512-D9DI/gXHvVmjHS08SVch0Em8G5S1P+QWtU31appcKT/8wFSPRcdHadIFSAntdMMVM5zz+/DL+bL/gz3UDppqtg==",
      "license": "MIT",
      "engines": {
        "node": "^18 || ^20 || >= 21"
      }
    },
    "node_modules/pqclean": {
      "version": "0.8.1",
      "resolved": "https://registry.npmjs.org/pqclean/-/pqclean-0.8.1.tgz",
      "integrity": "sha512-+5FtknAJdiNtVBiyLiKW3OnanhcqSWy44KCaZz1tELhalp5HfuIcxNsX9uS0t7ne2tEWc7NBd4GpiQBTGTIJBA==",
      "hasInstallScript": true,
      "license": "MIT",
      "dependencies": {
        "bindings": "^1.5.0",
        "node-addon-api": "^8.0.0"
      }
    },
    "node_modules/undici-types": {
      "version": "7.8.0",
      "resolved": "https://registry.npmjs.org/undici-types/-/undici-types-7.8.0.tgz",
      "integrity": "sha512-9UJ2xGDvQ43tYyVMpuHlsgApydB8ZKfVYTsLDhXkFL/6gfkp+U8xTGdh8pMJv1SpZna0zxG1DwsKZsreLbXBxw==",
      "dev": true,
      "license": "MIT"
    }
  }
}
